
Microsoft Visual Studio Solution File, Format Version 12.00
# Visual Studio 15
VisualStudioVersion = 15.0.27130.2036
MinimumVisualStudioVersion = 10.0.40219.1
Project("{2150E333-8FDC-42A3-9474-1A3956D46DE8}") = "Client", "Client", "{914C77C9-212A-4DD0-8D9A-074620E77FAA}"
EndProject
Project("{2150E333-8FDC-42A3-9474-1A3956D46DE8}") = "Server", "Server", "{46008B91-6EC0-448B-8D1A-D8C6D2EEBEF4}"
EndProject
Project("{9A19103F-16F7-4668-BE54-9A1E7A4F7556}") = "Server.App", "Server\App\Server.App.csproj", "{69F1AA11-D05A-4843-B0DD-56B5E2E212A8}"
EndProject
Project("{9A19103F-16F7-4668-BE54-9A1E7A4F7556}") = "Server.Model", "Server\Model\Server.Model.csproj", "{EE38E3D2-3D2A-4061-BD50-AE8568126C7D}"
EndProject
Project("{9A19103F-16F7-4668-BE54-9A1E7A4F7556}") = "Server.Hotfix", "Server\Hotfix\Server.Hotfix.csproj", "{C305ED5B-8425-47A1-BEE1-85830CADC27A}"
EndProject
Project("{FAE04EC0-301F-11D3-BF4B-00C04F79EFBC}") = "Unity.Model", "Unity\Unity.Model.csproj", "{6396AEEA-8EF9-9740-4CEF-891CC997106C}"
EndProject
Project("{FAE04EC0-301F-11D3-BF4B-00C04F79EFBC}") = "Unity.Hotfix", "Unity\Unity.Hotfix.csproj", "{350246F3-F094-675F-855B-FB9B18C2B23E}"
EndProject
Project("{FAE04EC0-301F-11D3-BF4B-00C04F79EFBC}") = "Unity.Editor", "Unity\Unity.Editor.csproj", "{C17F48D3-964E-E97C-3D2E-966F7A6C6D93}"
EndProject
Project("{FAE04EC0-301F-11D3-BF4B-00C04F79EFBC}") = "Unity.ThirdParty", "Unity\Unity.ThirdParty.csproj", "{CFBC0A95-3456-3439-6B2E-60FDE0FE5EE1}"
EndProject
Project("{2150E333-8FDC-42A3-9474-1A3956D46DE8}") = "Tools", "Tools", "{4BC66C3C-D55F-4FAA-A2F5-29E8EB1797AE}"
EndProject
Project("{FAE04EC0-301F-11D3-BF4B-00C04F79EFBC}") = "Unity.HotfixView", "Unity\Unity.HotfixView.csproj", "{D31345DE-9B88-525C-8E9C-744C99AE7509}"
EndProject
Project("{FAE04EC0-301F-11D3-BF4B-00C04F79EFBC}") = "Unity.ModelView", "Unity\Unity.ModelView.csproj", "{2F8409C1-DA01-D464-DBF2-00C6449E459E}"
EndProject
Project("{FAE04EC0-301F-11D3-BF4B-00C04F79EFBC}") = "Server.ThirdParty", "Server\ThirdParty\Server.ThirdParty.csproj", "{5CC830C4-3F2E-46AD-8160-3A0B032ACA5B}"
EndProject
Project("{FAE04EC0-301F-11D3-BF4B-00C04F79EFBC}") = "Proto2CS", "Tools\Proto2CS\Proto2CS.csproj", "{8CE3862F-0F7C-4759-A0E5-266AC3991E32}"
EndProject
Project("{FAE04EC0-301F-11D3-BF4B-00C04F79EFBC}") = "ExcelExporter", "Tools\ExcelExporter\ExcelExporter.csproj", "{E2F0B649-1A7B-4F01-A48B-A2825223C2B4}"
EndProject
Project("{FAE04EC0-301F-11D3-BF4B-00C04F79EFBC}") = "PantheaFW.Core", "Unity\PantheaFW.Core.csproj", "{62940CEC-F56B-72AB-5C04-DCEAB4B446F5}"
EndProject
Project("{2150E333-8FDC-42A3-9474-1A3956D46DE8}") = "ThirdParty", "ThirdParty", "{F11F6CA4-CD8D-43D2-A084-7D6B8126363D}"
EndProject
Project("{2150E333-8FDC-42A3-9474-1A3956D46DE8}") = "Panthea.Module", "Panthea.Module", "{F018E45F-F685-4E26-9734-710E6B11133A}"
EndProject
Project("{FAE04EC0-301F-11D3-BF4B-00C04F79EFBC}") = "Panthea.Utils", "Unity\Panthea.Utils.csproj", "{FD394C41-51E6-503C-1715-785BB9CD194A}"
EndProject
Project("{FAE04EC0-301F-11D3-BF4B-00C04F79EFBC}") = "Panthea.Editor.Asset", "Unity\Panthea.Editor.Asset.csproj", "{B373B072-9C02-5434-4967-BE94F4E96FFE}"
EndProject
Project("{FAE04EC0-301F-11D3-BF4B-00C04F79EFBC}") = "Panthea.Common", "Unity\Panthea.Common.csproj", "{93340CAE-54E5-E19E-726B-E4DDDF416E69}"
EndProject
Project("{FAE04EC0-301F-11D3-BF4B-00C04F79EFBC}") = "Panthea.Asset", "Unity\Panthea.Asset.csproj", "{8F37CB30-8904-F03B-5818-07331EF61A5E}"
EndProject
Project("{FAE04EC0-301F-11D3-BF4B-00C04F79EFBC}") = "PackageTools", "Unity\PackageTools.csproj", "{55A0A1D9-AE78-B33D-E412-B818306D482E}"
EndProject
Project("{FAE04EC0-301F-11D3-BF4B-00C04F79EFBC}") = "Drawing", "Unity\Drawing.csproj", "{0DA26A76-230B-53FD-37CC-18BFA41574E3}"
EndProject
Project("{FAE04EC0-301F-11D3-BF4B-00C04F79EFBC}") = "AstarPathfindingProject", "Unity\AstarPathfindingProject.csproj", "{FA5BE71F-D656-496B-4DCC-375D8109000D}"
EndProject
Project("{FAE04EC0-301F-11D3-BF4B-00C04F79EFBC}") = "spine-unity", "Unity\spine-unity.csproj", "{4EBDC6D9-B198-4028-CAD8-6AE288C4C16E}"
EndProject
Project("{FAE04EC0-301F-11D3-BF4B-00C04F79EFBC}") = "Unity.Collections", "Unity\Unity.Collections.csproj", "{491AC21F-D830-BFD7-E626-15EABF2DF6A9}"
EndProject
Project("{2150E333-8FDC-42A3-9474-1A3956D46DE8}") = "_", "_", "{89A73628-FFB4-4421-9A8C-D7C329CD1FC5}"
EndProject
Project("{FAE04EC0-301F-11D3-BF4B-00C04F79EFBC}") = "Panthea.MessageKit", "Unity\Panthea.MessageKit.csproj", "{BA16122E-6956-A5D0-5C28-84F9F9932D23}"
EndProject
Project("{FAE04EC0-301F-11D3-BF4B-00C04F79EFBC}") = "Panthea.NativePlugins", "Unity\Panthea.NativePlugins.csproj", "{435F4702-710D-6B8E-C7CF-1E8A98445EA5}"
EndProject
Project("{FAE04EC0-301F-11D3-BF4B-00C04F79EFBC}") = "GooglePlayGames", "Unity\GooglePlayGames.csproj", "{8F12843B-D2C9-87BC-0345-2C9DCC8AB066}"
EndProject
Project("{FAE04EC0-301F-11D3-BF4B-00C04F79EFBC}") = "FairyGUI", "Unity\FairyGUI.csproj", "{F41B355C-331A-AF48-B348-52FD7A76B064}"
EndProject
Project("{FAE04EC0-301F-11D3-BF4B-00C04F79EFBC}") = "ETManagerConsole", "Manager\ETManagerConsole\ETManagerConsole.csproj", "{4584D3AE-D3D4-41F9-9481-DF565935154D}"
EndProject
Global
	GlobalSection(SolutionConfigurationPlatforms) = preSolution
		Debug|Any CPU = Debug|Any CPU
		Debug|x64 = Debug|x64
		Debug|x86 = Debug|x86
		Release|Any CPU = Release|Any CPU
		Release|x64 = Release|x64
		Release|x86 = Release|x86
	EndGlobalSection
	GlobalSection(ProjectConfigurationPlatforms) = postSolution
		{69F1AA11-D05A-4843-B0DD-56B5E2E212A8}.Debug|Any CPU.ActiveCfg = Debug|Any CPU
		{69F1AA11-D05A-4843-B0DD-56B5E2E212A8}.Debug|Any CPU.Build.0 = Debug|Any CPU
		{69F1AA11-D05A-4843-B0DD-56B5E2E212A8}.Debug|x64.ActiveCfg = Debug|Any CPU
		{69F1AA11-D05A-4843-B0DD-56B5E2E212A8}.Debug|x64.Build.0 = Debug|Any CPU
		{69F1AA11-D05A-4843-B0DD-56B5E2E212A8}.Debug|x86.ActiveCfg = Debug|Any CPU
		{69F1AA11-D05A-4843-B0DD-56B5E2E212A8}.Debug|x86.Build.0 = Debug|Any CPU
		{69F1AA11-D05A-4843-B0DD-56B5E2E212A8}.Release|Any CPU.ActiveCfg = Release|Any CPU
		{69F1AA11-D05A-4843-B0DD-56B5E2E212A8}.Release|Any CPU.Build.0 = Release|Any CPU
		{69F1AA11-D05A-4843-B0DD-56B5E2E212A8}.Release|x64.ActiveCfg = Release|Any CPU
		{69F1AA11-D05A-4843-B0DD-56B5E2E212A8}.Release|x64.Build.0 = Release|Any CPU
		{69F1AA11-D05A-4843-B0DD-56B5E2E212A8}.Release|x86.ActiveCfg = Release|Any CPU
		{69F1AA11-D05A-4843-B0DD-56B5E2E212A8}.Release|x86.Build.0 = Release|Any CPU
		{EE38E3D2-3D2A-4061-BD50-AE8568126C7D}.Debug|Any CPU.ActiveCfg = Debug|Any CPU
		{EE38E3D2-3D2A-4061-BD50-AE8568126C7D}.Debug|Any CPU.Build.0 = Debug|Any CPU
		{EE38E3D2-3D2A-4061-BD50-AE8568126C7D}.Debug|x64.ActiveCfg = Debug|Any CPU
		{EE38E3D2-3D2A-4061-BD50-AE8568126C7D}.Debug|x64.Build.0 = Debug|Any CPU
		{EE38E3D2-3D2A-4061-BD50-AE8568126C7D}.Debug|x86.ActiveCfg = Debug|Any CPU
		{EE38E3D2-3D2A-4061-BD50-AE8568126C7D}.Debug|x86.Build.0 = Debug|Any CPU
		{EE38E3D2-3D2A-4061-BD50-AE8568126C7D}.Release|Any CPU.ActiveCfg = Release|Any CPU
		{EE38E3D2-3D2A-4061-BD50-AE8568126C7D}.Release|Any CPU.Build.0 = Release|Any CPU
		{EE38E3D2-3D2A-4061-BD50-AE8568126C7D}.Release|x64.ActiveCfg = Release|Any CPU
		{EE38E3D2-3D2A-4061-BD50-AE8568126C7D}.Release|x64.Build.0 = Release|Any CPU
		{EE38E3D2-3D2A-4061-BD50-AE8568126C7D}.Release|x86.ActiveCfg = Release|Any CPU
		{EE38E3D2-3D2A-4061-BD50-AE8568126C7D}.Release|x86.Build.0 = Release|Any CPU
		{C305ED5B-8425-47A1-BEE1-85830CADC27A}.Debug|Any CPU.ActiveCfg = Debug|Any CPU
		{C305ED5B-8425-47A1-BEE1-85830CADC27A}.Debug|Any CPU.Build.0 = Debug|Any CPU
		{C305ED5B-8425-47A1-BEE1-85830CADC27A}.Debug|x64.ActiveCfg = Debug|Any CPU
		{C305ED5B-8425-47A1-BEE1-85830CADC27A}.Debug|x64.Build.0 = Debug|Any CPU
		{C305ED5B-8425-47A1-BEE1-85830CADC27A}.Debug|x86.ActiveCfg = Debug|Any CPU
		{C305ED5B-8425-47A1-BEE1-85830CADC27A}.Debug|x86.Build.0 = Debug|Any CPU
		{C305ED5B-8425-47A1-BEE1-85830CADC27A}.Release|Any CPU.ActiveCfg = Release|Any CPU
		{C305ED5B-8425-47A1-BEE1-85830CADC27A}.Release|Any CPU.Build.0 = Release|Any CPU
		{C305ED5B-8425-47A1-BEE1-85830CADC27A}.Release|x64.ActiveCfg = Release|Any CPU
		{C305ED5B-8425-47A1-BEE1-85830CADC27A}.Release|x64.Build.0 = Release|Any CPU
		{C305ED5B-8425-47A1-BEE1-85830CADC27A}.Release|x86.ActiveCfg = Release|Any CPU
		{C305ED5B-8425-47A1-BEE1-85830CADC27A}.Release|x86.Build.0 = Release|Any CPU
		{6396AEEA-8EF9-9740-4CEF-891CC997106C}.Debug|x64.ActiveCfg = Debug|Any CPU
		{6396AEEA-8EF9-9740-4CEF-891CC997106C}.Debug|x64.Build.0 = Debug|Any CPU
		{6396AEEA-8EF9-9740-4CEF-891CC997106C}.Debug|x86.ActiveCfg = Debug|Any CPU
		{6396AEEA-8EF9-9740-4CEF-891CC997106C}.Debug|x86.Build.0 = Debug|Any CPU
		{6396AEEA-8EF9-9740-4CEF-891CC997106C}.Release|Any CPU.ActiveCfg = Release|Any CPU
		{6396AEEA-8EF9-9740-4CEF-891CC997106C}.Release|Any CPU.Build.0 = Release|Any CPU
		{6396AEEA-8EF9-9740-4CEF-891CC997106C}.Release|x64.ActiveCfg = Release|Any CPU
		{6396AEEA-8EF9-9740-4CEF-891CC997106C}.Release|x64.Build.0 = Release|Any CPU
		{6396AEEA-8EF9-9740-4CEF-891CC997106C}.Release|x86.ActiveCfg = Release|Any CPU
		{6396AEEA-8EF9-9740-4CEF-891CC997106C}.Release|x86.Build.0 = Release|Any CPU
		{6396AEEA-8EF9-9740-4CEF-891CC997106C}.Debug|Any CPU.ActiveCfg = Debug|Any CPU
		{6396AEEA-8EF9-9740-4CEF-891CC997106C}.Debug|Any CPU.Build.0 = Debug|Any CPU
		{350246F3-F094-675F-855B-FB9B18C2B23E}.Debug|x64.ActiveCfg = Debug|Any CPU
		{350246F3-F094-675F-855B-FB9B18C2B23E}.Debug|x64.Build.0 = Debug|Any CPU
		{350246F3-F094-675F-855B-FB9B18C2B23E}.Debug|x86.ActiveCfg = Debug|Any CPU
		{350246F3-F094-675F-855B-FB9B18C2B23E}.Debug|x86.Build.0 = Debug|Any CPU
		{350246F3-F094-675F-855B-FB9B18C2B23E}.Release|Any CPU.ActiveCfg = Release|Any CPU
		{350246F3-F094-675F-855B-FB9B18C2B23E}.Release|Any CPU.Build.0 = Release|Any CPU
		{350246F3-F094-675F-855B-FB9B18C2B23E}.Release|x64.ActiveCfg = Release|Any CPU
		{350246F3-F094-675F-855B-FB9B18C2B23E}.Release|x64.Build.0 = Release|Any CPU
		{350246F3-F094-675F-855B-FB9B18C2B23E}.Release|x86.ActiveCfg = Release|Any CPU
		{350246F3-F094-675F-855B-FB9B18C2B23E}.Release|x86.Build.0 = Release|Any CPU
		{350246F3-F094-675F-855B-FB9B18C2B23E}.Debug|Any CPU.ActiveCfg = Debug|Any CPU
		{350246F3-F094-675F-855B-FB9B18C2B23E}.Debug|Any CPU.Build.0 = Debug|Any CPU
		{C17F48D3-964E-E97C-3D2E-966F7A6C6D93}.Debug|Any CPU.ActiveCfg = Debug|Any CPU
		{C17F48D3-964E-E97C-3D2E-966F7A6C6D93}.Debug|Any CPU.Build.0 = Debug|Any CPU
		{C17F48D3-964E-E97C-3D2E-966F7A6C6D93}.Debug|x64.ActiveCfg = Debug|Any CPU
		{C17F48D3-964E-E97C-3D2E-966F7A6C6D93}.Debug|x64.Build.0 = Debug|Any CPU
		{C17F48D3-964E-E97C-3D2E-966F7A6C6D93}.Debug|x86.ActiveCfg = Debug|Any CPU
		{C17F48D3-964E-E97C-3D2E-966F7A6C6D93}.Debug|x86.Build.0 = Debug|Any CPU
		{C17F48D3-964E-E97C-3D2E-966F7A6C6D93}.Release|Any CPU.ActiveCfg = Release|Any CPU
		{C17F48D3-964E-E97C-3D2E-966F7A6C6D93}.Release|Any CPU.Build.0 = Release|Any CPU
		{C17F48D3-964E-E97C-3D2E-966F7A6C6D93}.Release|x64.ActiveCfg = Release|Any CPU
		{C17F48D3-964E-E97C-3D2E-966F7A6C6D93}.Release|x64.Build.0 = Release|Any CPU
		{C17F48D3-964E-E97C-3D2E-966F7A6C6D93}.Release|x86.ActiveCfg = Release|Any CPU
		{C17F48D3-964E-E97C-3D2E-966F7A6C6D93}.Release|x86.Build.0 = Release|Any CPU
		{CFBC0A95-3456-3439-6B2E-60FDE0FE5EE1}.Debug|x64.ActiveCfg = Debug|Any CPU
		{CFBC0A95-3456-3439-6B2E-60FDE0FE5EE1}.Debug|x64.Build.0 = Debug|Any CPU
		{CFBC0A95-3456-3439-6B2E-60FDE0FE5EE1}.Debug|x86.ActiveCfg = Debug|Any CPU
		{CFBC0A95-3456-3439-6B2E-60FDE0FE5EE1}.Debug|x86.Build.0 = Debug|Any CPU
		{CFBC0A95-3456-3439-6B2E-60FDE0FE5EE1}.Release|Any CPU.ActiveCfg = Release|Any CPU
		{CFBC0A95-3456-3439-6B2E-60FDE0FE5EE1}.Release|Any CPU.Build.0 = Release|Any CPU
		{CFBC0A95-3456-3439-6B2E-60FDE0FE5EE1}.Release|x64.ActiveCfg = Release|Any CPU
		{CFBC0A95-3456-3439-6B2E-60FDE0FE5EE1}.Release|x64.Build.0 = Release|Any CPU
		{CFBC0A95-3456-3439-6B2E-60FDE0FE5EE1}.Release|x86.ActiveCfg = Release|Any CPU
		{CFBC0A95-3456-3439-6B2E-60FDE0FE5EE1}.Release|x86.Build.0 = Release|Any CPU
		{CFBC0A95-3456-3439-6B2E-60FDE0FE5EE1}.Debug|Any CPU.ActiveCfg = Debug|Any CPU
		{CFBC0A95-3456-3439-6B2E-60FDE0FE5EE1}.Debug|Any CPU.Build.0 = Debug|Any CPU
		{D31345DE-9B88-525C-8E9C-744C99AE7509}.Debug|Any CPU.ActiveCfg = Debug|Any CPU
		{D31345DE-9B88-525C-8E9C-744C99AE7509}.Debug|Any CPU.Build.0 = Debug|Any CPU
		{D31345DE-9B88-525C-8E9C-744C99AE7509}.Debug|x64.ActiveCfg = Debug|Any CPU
		{D31345DE-9B88-525C-8E9C-744C99AE7509}.Debug|x64.Build.0 = Debug|Any CPU
		{D31345DE-9B88-525C-8E9C-744C99AE7509}.Debug|x86.ActiveCfg = Debug|Any CPU
		{D31345DE-9B88-525C-8E9C-744C99AE7509}.Debug|x86.Build.0 = Debug|Any CPU
		{D31345DE-9B88-525C-8E9C-744C99AE7509}.Release|Any CPU.ActiveCfg = Release|Any CPU
		{D31345DE-9B88-525C-8E9C-744C99AE7509}.Release|Any CPU.Build.0 = Release|Any CPU
		{D31345DE-9B88-525C-8E9C-744C99AE7509}.Release|x64.ActiveCfg = Release|Any CPU
		{D31345DE-9B88-525C-8E9C-744C99AE7509}.Release|x64.Build.0 = Release|Any CPU
		{D31345DE-9B88-525C-8E9C-744C99AE7509}.Release|x86.ActiveCfg = Release|Any CPU
		{D31345DE-9B88-525C-8E9C-744C99AE7509}.Release|x86.Build.0 = Release|Any CPU
		{2F8409C1-DA01-D464-DBF2-00C6449E459E}.Debug|Any CPU.ActiveCfg = Debug|Any CPU
		{2F8409C1-DA01-D464-DBF2-00C6449E459E}.Debug|Any CPU.Build.0 = Debug|Any CPU
		{2F8409C1-DA01-D464-DBF2-00C6449E459E}.Debug|x64.ActiveCfg = Debug|Any CPU
		{2F8409C1-DA01-D464-DBF2-00C6449E459E}.Debug|x64.Build.0 = Debug|Any CPU
		{2F8409C1-DA01-D464-DBF2-00C6449E459E}.Debug|x86.ActiveCfg = Debug|Any CPU
		{2F8409C1-DA01-D464-DBF2-00C6449E459E}.Debug|x86.Build.0 = Debug|Any CPU
		{2F8409C1-DA01-D464-DBF2-00C6449E459E}.Release|Any CPU.ActiveCfg = Release|Any CPU
		{2F8409C1-DA01-D464-DBF2-00C6449E459E}.Release|Any CPU.Build.0 = Release|Any CPU
		{2F8409C1-DA01-D464-DBF2-00C6449E459E}.Release|x64.ActiveCfg = Release|Any CPU
		{2F8409C1-DA01-D464-DBF2-00C6449E459E}.Release|x64.Build.0 = Release|Any CPU
		{2F8409C1-DA01-D464-DBF2-00C6449E459E}.Release|x86.ActiveCfg = Release|Any CPU
		{2F8409C1-DA01-D464-DBF2-00C6449E459E}.Release|x86.Build.0 = Release|Any CPU
		{5CC830C4-3F2E-46AD-8160-3A0B032ACA5B}.Debug|Any CPU.ActiveCfg = Debug|Any CPU
		{5CC830C4-3F2E-46AD-8160-3A0B032ACA5B}.Debug|Any CPU.Build.0 = Debug|Any CPU
		{5CC830C4-3F2E-46AD-8160-3A0B032ACA5B}.Debug|x64.ActiveCfg = Debug|Any CPU
		{5CC830C4-3F2E-46AD-8160-3A0B032ACA5B}.Debug|x64.Build.0 = Debug|Any CPU
		{5CC830C4-3F2E-46AD-8160-3A0B032ACA5B}.Debug|x86.ActiveCfg = Debug|Any CPU
		{5CC830C4-3F2E-46AD-8160-3A0B032ACA5B}.Debug|x86.Build.0 = Debug|Any CPU
		{5CC830C4-3F2E-46AD-8160-3A0B032ACA5B}.Release|Any CPU.ActiveCfg = Release|Any CPU
		{5CC830C4-3F2E-46AD-8160-3A0B032ACA5B}.Release|Any CPU.Build.0 = Release|Any CPU
		{5CC830C4-3F2E-46AD-8160-3A0B032ACA5B}.Release|x64.ActiveCfg = Release|Any CPU
		{5CC830C4-3F2E-46AD-8160-3A0B032ACA5B}.Release|x64.Build.0 = Release|Any CPU
		{5CC830C4-3F2E-46AD-8160-3A0B032ACA5B}.Release|x86.ActiveCfg = Release|Any CPU
		{5CC830C4-3F2E-46AD-8160-3A0B032ACA5B}.Release|x86.Build.0 = Release|Any CPU
		{8CE3862F-0F7C-4759-A0E5-266AC3991E32}.Debug|Any CPU.ActiveCfg = Debug|Any CPU
		{8CE3862F-0F7C-4759-A0E5-266AC3991E32}.Debug|Any CPU.Build.0 = Debug|Any CPU
		{8CE3862F-0F7C-4759-A0E5-266AC3991E32}.Debug|x64.ActiveCfg = Debug|Any CPU
		{8CE3862F-0F7C-4759-A0E5-266AC3991E32}.Debug|x64.Build.0 = Debug|Any CPU
		{8CE3862F-0F7C-4759-A0E5-266AC3991E32}.Debug|x86.ActiveCfg = Debug|Any CPU
		{8CE3862F-0F7C-4759-A0E5-266AC3991E32}.Debug|x86.Build.0 = Debug|Any CPU
		{8CE3862F-0F7C-4759-A0E5-266AC3991E32}.Release|Any CPU.ActiveCfg = Release|Any CPU
		{8CE3862F-0F7C-4759-A0E5-266AC3991E32}.Release|Any CPU.Build.0 = Release|Any CPU
		{8CE3862F-0F7C-4759-A0E5-266AC3991E32}.Release|x64.ActiveCfg = Release|Any CPU
		{8CE3862F-0F7C-4759-A0E5-266AC3991E32}.Release|x64.Build.0 = Release|Any CPU
		{8CE3862F-0F7C-4759-A0E5-266AC3991E32}.Release|x86.ActiveCfg = Release|Any CPU
		{8CE3862F-0F7C-4759-A0E5-266AC3991E32}.Release|x86.Build.0 = Release|Any CPU
		{E2F0B649-1A7B-4F01-A48B-A2825223C2B4}.Debug|Any CPU.ActiveCfg = Debug|Any CPU
		{E2F0B649-1A7B-4F01-A48B-A2825223C2B4}.Debug|Any CPU.Build.0 = Debug|Any CPU
		{E2F0B649-1A7B-4F01-A48B-A2825223C2B4}.Debug|x64.ActiveCfg = Debug|Any CPU
		{E2F0B649-1A7B-4F01-A48B-A2825223C2B4}.Debug|x64.Build.0 = Debug|Any CPU
		{E2F0B649-1A7B-4F01-A48B-A2825223C2B4}.Debug|x86.ActiveCfg = Debug|Any CPU
		{E2F0B649-1A7B-4F01-A48B-A2825223C2B4}.Debug|x86.Build.0 = Debug|Any CPU
		{E2F0B649-1A7B-4F01-A48B-A2825223C2B4}.Release|Any CPU.ActiveCfg = Release|Any CPU
		{E2F0B649-1A7B-4F01-A48B-A2825223C2B4}.Release|Any CPU.Build.0 = Release|Any CPU
		{E2F0B649-1A7B-4F01-A48B-A2825223C2B4}.Release|x64.ActiveCfg = Release|Any CPU
		{E2F0B649-1A7B-4F01-A48B-A2825223C2B4}.Release|x64.Build.0 = Release|Any CPU
		{E2F0B649-1A7B-4F01-A48B-A2825223C2B4}.Release|x86.ActiveCfg = Release|Any CPU
		{E2F0B649-1A7B-4F01-A48B-A2825223C2B4}.Release|x86.Build.0 = Release|Any CPU
		{62940CEC-F56B-72AB-5C04-DCEAB4B446F5}.Debug|Any CPU.ActiveCfg = Debug|Any CPU
		{62940CEC-F56B-72AB-5C04-DCEAB4B446F5}.Debug|Any CPU.Build.0 = Debug|Any CPU
		{62940CEC-F56B-72AB-5C04-DCEAB4B446F5}.Debug|x64.ActiveCfg = Debug|Any CPU
		{62940CEC-F56B-72AB-5C04-DCEAB4B446F5}.Debug|x64.Build.0 = Debug|Any CPU
		{62940CEC-F56B-72AB-5C04-DCEAB4B446F5}.Debug|x86.ActiveCfg = Debug|Any CPU
		{62940CEC-F56B-72AB-5C04-DCEAB4B446F5}.Debug|x86.Build.0 = Debug|Any CPU
		{62940CEC-F56B-72AB-5C04-DCEAB4B446F5}.Release|Any CPU.ActiveCfg = Release|Any CPU
		{62940CEC-F56B-72AB-5C04-DCEAB4B446F5}.Release|Any CPU.Build.0 = Release|Any CPU
		{62940CEC-F56B-72AB-5C04-DCEAB4B446F5}.Release|x64.ActiveCfg = Release|Any CPU
		{62940CEC-F56B-72AB-5C04-DCEAB4B446F5}.Release|x64.Build.0 = Release|Any CPU
		{62940CEC-F56B-72AB-5C04-DCEAB4B446F5}.Release|x86.ActiveCfg = Release|Any CPU
		{62940CEC-F56B-72AB-5C04-DCEAB4B446F5}.Release|x86.Build.0 = Release|Any CPU
		{93340CAE-54E5-E19E-726B-E4DDDF416E69}.Debug|Any CPU.ActiveCfg = Debug|Any CPU
		{93340CAE-54E5-E19E-726B-E4DDDF416E69}.Debug|Any CPU.Build.0 = Debug|Any CPU
		{93340CAE-54E5-E19E-726B-E4DDDF416E69}.Debug|x64.ActiveCfg = Debug|Any CPU
		{93340CAE-54E5-E19E-726B-E4DDDF416E69}.Debug|x64.Build.0 = Debug|Any CPU
		{93340CAE-54E5-E19E-726B-E4DDDF416E69}.Debug|x86.ActiveCfg = Debug|Any CPU
		{93340CAE-54E5-E19E-726B-E4DDDF416E69}.Debug|x86.Build.0 = Debug|Any CPU
		{93340CAE-54E5-E19E-726B-E4DDDF416E69}.Release|Any CPU.ActiveCfg = Release|Any CPU
		{93340CAE-54E5-E19E-726B-E4DDDF416E69}.Release|Any CPU.Build.0 = Release|Any CPU
		{93340CAE-54E5-E19E-726B-E4DDDF416E69}.Release|x64.ActiveCfg = Release|Any CPU
		{93340CAE-54E5-E19E-726B-E4DDDF416E69}.Release|x64.Build.0 = Release|Any CPU
		{93340CAE-54E5-E19E-726B-E4DDDF416E69}.Release|x86.ActiveCfg = Release|Any CPU
		{93340CAE-54E5-E19E-726B-E4DDDF416E69}.Release|x86.Build.0 = Release|Any CPU
		{8F37CB30-8904-F03B-5818-07331EF61A5E}.Debug|Any CPU.ActiveCfg = Debug|Any CPU
		{8F37CB30-8904-F03B-5818-07331EF61A5E}.Debug|Any CPU.Build.0 = Debug|Any CPU
		{8F37CB30-8904-F03B-5818-07331EF61A5E}.Debug|x64.ActiveCfg = Debug|Any CPU
		{8F37CB30-8904-F03B-5818-07331EF61A5E}.Debug|x64.Build.0 = Debug|Any CPU
		{8F37CB30-8904-F03B-5818-07331EF61A5E}.Debug|x86.ActiveCfg = Debug|Any CPU
		{8F37CB30-8904-F03B-5818-07331EF61A5E}.Debug|x86.Build.0 = Debug|Any CPU
		{8F37CB30-8904-F03B-5818-07331EF61A5E}.Release|Any CPU.ActiveCfg = Release|Any CPU
		{8F37CB30-8904-F03B-5818-07331EF61A5E}.Release|Any CPU.Build.0 = Release|Any CPU
		{8F37CB30-8904-F03B-5818-07331EF61A5E}.Release|x64.ActiveCfg = Release|Any CPU
		{8F37CB30-8904-F03B-5818-07331EF61A5E}.Release|x64.Build.0 = Release|Any CPU
		{8F37CB30-8904-F03B-5818-07331EF61A5E}.Release|x86.ActiveCfg = Release|Any CPU
		{8F37CB30-8904-F03B-5818-07331EF61A5E}.Release|x86.Build.0 = Release|Any CPU
		{55A0A1D9-AE78-B33D-E412-B818306D482E}.Debug|Any CPU.ActiveCfg = Debug|Any CPU
		{55A0A1D9-AE78-B33D-E412-B818306D482E}.Debug|Any CPU.Build.0 = Debug|Any CPU
		{55A0A1D9-AE78-B33D-E412-B818306D482E}.Debug|x64.ActiveCfg = Debug|Any CPU
		{55A0A1D9-AE78-B33D-E412-B818306D482E}.Debug|x64.Build.0 = Debug|Any CPU
		{55A0A1D9-AE78-B33D-E412-B818306D482E}.Debug|x86.ActiveCfg = Debug|Any CPU
		{55A0A1D9-AE78-B33D-E412-B818306D482E}.Debug|x86.Build.0 = Debug|Any CPU
		{55A0A1D9-AE78-B33D-E412-B818306D482E}.Release|Any CPU.ActiveCfg = Release|Any CPU
		{55A0A1D9-AE78-B33D-E412-B818306D482E}.Release|Any CPU.Build.0 = Release|Any CPU
		{55A0A1D9-AE78-B33D-E412-B818306D482E}.Release|x64.ActiveCfg = Release|Any CPU
		{55A0A1D9-AE78-B33D-E412-B818306D482E}.Release|x64.Build.0 = Release|Any CPU
		{55A0A1D9-AE78-B33D-E412-B818306D482E}.Release|x86.ActiveCfg = Release|Any CPU
		{55A0A1D9-AE78-B33D-E412-B818306D482E}.Release|x86.Build.0 = Release|Any CPU
		{0DA26A76-230B-53FD-37CC-18BFA41574E3}.Debug|Any CPU.ActiveCfg = Debug|Any CPU
		{0DA26A76-230B-53FD-37CC-18BFA41574E3}.Debug|Any CPU.Build.0 = Debug|Any CPU
		{0DA26A76-230B-53FD-37CC-18BFA41574E3}.Debug|x64.ActiveCfg = Debug|Any CPU
		{0DA26A76-230B-53FD-37CC-18BFA41574E3}.Debug|x64.Build.0 = Debug|Any CPU
		{0DA26A76-230B-53FD-37CC-18BFA41574E3}.Debug|x86.ActiveCfg = Debug|Any CPU
		{0DA26A76-230B-53FD-37CC-18BFA41574E3}.Debug|x86.Build.0 = Debug|Any CPU
		{0DA26A76-230B-53FD-37CC-18BFA41574E3}.Release|Any CPU.ActiveCfg = Release|Any CPU
		{0DA26A76-230B-53FD-37CC-18BFA41574E3}.Release|Any CPU.Build.0 = Release|Any CPU
		{0DA26A76-230B-53FD-37CC-18BFA41574E3}.Release|x64.ActiveCfg = Release|Any CPU
		{0DA26A76-230B-53FD-37CC-18BFA41574E3}.Release|x64.Build.0 = Release|Any CPU
		{0DA26A76-230B-53FD-37CC-18BFA41574E3}.Release|x86.ActiveCfg = Release|Any CPU
		{0DA26A76-230B-53FD-37CC-18BFA41574E3}.Release|x86.Build.0 = Release|Any CPU
		{FA5BE71F-D656-496B-4DCC-375D8109000D}.Debug|Any CPU.ActiveCfg = Debug|Any CPU
		{FA5BE71F-D656-496B-4DCC-375D8109000D}.Debug|Any CPU.Build.0 = Debug|Any CPU
		{FA5BE71F-D656-496B-4DCC-375D8109000D}.Debug|x64.ActiveCfg = Debug|Any CPU
		{FA5BE71F-D656-496B-4DCC-375D8109000D}.Debug|x64.Build.0 = Debug|Any CPU
		{FA5BE71F-D656-496B-4DCC-375D8109000D}.Debug|x86.ActiveCfg = Debug|Any CPU
		{FA5BE71F-D656-496B-4DCC-375D8109000D}.Debug|x86.Build.0 = Debug|Any CPU
		{FA5BE71F-D656-496B-4DCC-375D8109000D}.Release|Any CPU.ActiveCfg = Release|Any CPU
		{FA5BE71F-D656-496B-4DCC-375D8109000D}.Release|Any CPU.Build.0 = Release|Any CPU
		{FA5BE71F-D656-496B-4DCC-375D8109000D}.Release|x64.ActiveCfg = Release|Any CPU
		{FA5BE71F-D656-496B-4DCC-375D8109000D}.Release|x64.Build.0 = Release|Any CPU
		{FA5BE71F-D656-496B-4DCC-375D8109000D}.Release|x86.ActiveCfg = Release|Any CPU
		{FA5BE71F-D656-496B-4DCC-375D8109000D}.Release|x86.Build.0 = Release|Any CPU
		{4EBDC6D9-B198-4028-CAD8-6AE288C4C16E}.Debug|Any CPU.ActiveCfg = Debug|Any CPU
		{4EBDC6D9-B198-4028-CAD8-6AE288C4C16E}.Debug|Any CPU.Build.0 = Debug|Any CPU
		{4EBDC6D9-B198-4028-CAD8-6AE288C4C16E}.Debug|x64.ActiveCfg = Debug|Any CPU
		{4EBDC6D9-B198-4028-CAD8-6AE288C4C16E}.Debug|x64.Build.0 = Debug|Any CPU
		{4EBDC6D9-B198-4028-CAD8-6AE288C4C16E}.Debug|x86.ActiveCfg = Debug|Any CPU
		{4EBDC6D9-B198-4028-CAD8-6AE288C4C16E}.Debug|x86.Build.0 = Debug|Any CPU
		{4EBDC6D9-B198-4028-CAD8-6AE288C4C16E}.Release|Any CPU.ActiveCfg = Release|Any CPU
		{4EBDC6D9-B198-4028-CAD8-6AE288C4C16E}.Release|Any CPU.Build.0 = Release|Any CPU
		{4EBDC6D9-B198-4028-CAD8-6AE288C4C16E}.Release|x64.ActiveCfg = Release|Any CPU
		{4EBDC6D9-B198-4028-CAD8-6AE288C4C16E}.Release|x64.Build.0 = Release|Any CPU
		{4EBDC6D9-B198-4028-CAD8-6AE288C4C16E}.Release|x86.ActiveCfg = Release|Any CPU
		{4EBDC6D9-B198-4028-CAD8-6AE288C4C16E}.Release|x86.Build.0 = Release|Any CPU
		{491AC21F-D830-BFD7-E626-15EABF2DF6A9}.Debug|Any CPU.ActiveCfg = Debug|Any CPU
		{491AC21F-D830-BFD7-E626-15EABF2DF6A9}.Debug|Any CPU.Build.0 = Debug|Any CPU
		{491AC21F-D830-BFD7-E626-15EABF2DF6A9}.Debug|x64.ActiveCfg = Debug|Any CPU
		{491AC21F-D830-BFD7-E626-15EABF2DF6A9}.Debug|x64.Build.0 = Debug|Any CPU
		{491AC21F-D830-BFD7-E626-15EABF2DF6A9}.Debug|x86.ActiveCfg = Debug|Any CPU
		{491AC21F-D830-BFD7-E626-15EABF2DF6A9}.Debug|x86.Build.0 = Debug|Any CPU
		{491AC21F-D830-BFD7-E626-15EABF2DF6A9}.Release|Any CPU.ActiveCfg = Release|Any CPU
		{491AC21F-D830-BFD7-E626-15EABF2DF6A9}.Release|Any CPU.Build.0 = Release|Any CPU
		{491AC21F-D830-BFD7-E626-15EABF2DF6A9}.Release|x64.ActiveCfg = Release|Any CPU
		{491AC21F-D830-BFD7-E626-15EABF2DF6A9}.Release|x64.Build.0 = Release|Any CPU
		{491AC21F-D830-BFD7-E626-15EABF2DF6A9}.Release|x86.ActiveCfg = Release|Any CPU
		{491AC21F-D830-BFD7-E626-15EABF2DF6A9}.Release|x86.Build.0 = Release|Any CPU
		{BA16122E-6956-A5D0-5C28-84F9F9932D23}.Debug|Any CPU.ActiveCfg = Debug|Any CPU
		{BA16122E-6956-A5D0-5C28-84F9F9932D23}.Debug|Any CPU.Build.0 = Debug|Any CPU
		{BA16122E-6956-A5D0-5C28-84F9F9932D23}.Debug|x64.ActiveCfg = Debug|Any CPU
		{BA16122E-6956-A5D0-5C28-84F9F9932D23}.Debug|x64.Build.0 = Debug|Any CPU
		{BA16122E-6956-A5D0-5C28-84F9F9932D23}.Debug|x86.ActiveCfg = Debug|Any CPU
		{BA16122E-6956-A5D0-5C28-84F9F9932D23}.Debug|x86.Build.0 = Debug|Any CPU
		{BA16122E-6956-A5D0-5C28-84F9F9932D23}.Release|Any CPU.ActiveCfg = Release|Any CPU
		{BA16122E-6956-A5D0-5C28-84F9F9932D23}.Release|Any CPU.Build.0 = Release|Any CPU
		{BA16122E-6956-A5D0-5C28-84F9F9932D23}.Release|x64.ActiveCfg = Release|Any CPU
		{BA16122E-6956-A5D0-5C28-84F9F9932D23}.Release|x64.Build.0 = Release|Any CPU
		{BA16122E-6956-A5D0-5C28-84F9F9932D23}.Release|x86.ActiveCfg = Release|Any CPU
		{BA16122E-6956-A5D0-5C28-84F9F9932D23}.Release|x86.Build.0 = Release|Any CPU
		{435F4702-710D-6B8E-C7CF-1E8A98445EA5}.Debug|Any CPU.ActiveCfg = Debug|Any CPU
		{435F4702-710D-6B8E-C7CF-1E8A98445EA5}.Debug|Any CPU.Build.0 = Debug|Any CPU
		{435F4702-710D-6B8E-C7CF-1E8A98445EA5}.Debug|x64.ActiveCfg = Debug|Any CPU
		{435F4702-710D-6B8E-C7CF-1E8A98445EA5}.Debug|x64.Build.0 = Debug|Any CPU
		{435F4702-710D-6B8E-C7CF-1E8A98445EA5}.Debug|x86.ActiveCfg = Debug|Any CPU
		{435F4702-710D-6B8E-C7CF-1E8A98445EA5}.Debug|x86.Build.0 = Debug|Any CPU
		{435F4702-710D-6B8E-C7CF-1E8A98445EA5}.Release|Any CPU.ActiveCfg = Release|Any CPU
		{435F4702-710D-6B8E-C7CF-1E8A98445EA5}.Release|Any CPU.Build.0 = Release|Any CPU
		{435F4702-710D-6B8E-C7CF-1E8A98445EA5}.Release|x64.ActiveCfg = Release|Any CPU
		{435F4702-710D-6B8E-C7CF-1E8A98445EA5}.Release|x64.Build.0 = Release|Any CPU
		{435F4702-710D-6B8E-C7CF-1E8A98445EA5}.Release|x86.ActiveCfg = Release|Any CPU
		{435F4702-710D-6B8E-C7CF-1E8A98445EA5}.Release|x86.Build.0 = Release|Any CPU
		{8F12843B-D2C9-87BC-0345-2C9DCC8AB066}.Debug|Any CPU.ActiveCfg = Debug|Any CPU
		{8F12843B-D2C9-87BC-0345-2C9DCC8AB066}.Debug|Any CPU.Build.0 = Debug|Any CPU
		{8F12843B-D2C9-87BC-0345-2C9DCC8AB066}.Debug|x64.ActiveCfg = Debug|Any CPU
		{8F12843B-D2C9-87BC-0345-2C9DCC8AB066}.Debug|x64.Build.0 = Debug|Any CPU
		{8F12843B-D2C9-87BC-0345-2C9DCC8AB066}.Debug|x86.ActiveCfg = Debug|Any CPU
		{8F12843B-D2C9-87BC-0345-2C9DCC8AB066}.Debug|x86.Build.0 = Debug|Any CPU
		{8F12843B-D2C9-87BC-0345-2C9DCC8AB066}.Release|Any CPU.ActiveCfg = Release|Any CPU
		{8F12843B-D2C9-87BC-0345-2C9DCC8AB066}.Release|Any CPU.Build.0 = Release|Any CPU
		{8F12843B-D2C9-87BC-0345-2C9DCC8AB066}.Release|x64.ActiveCfg = Release|Any CPU
		{8F12843B-D2C9-87BC-0345-2C9DCC8AB066}.Release|x64.Build.0 = Release|Any CPU
		{8F12843B-D2C9-87BC-0345-2C9DCC8AB066}.Release|x86.ActiveCfg = Release|Any CPU
		{8F12843B-D2C9-87BC-0345-2C9DCC8AB066}.Release|x86.Build.0 = Release|Any CPU
		{F41B355C-331A-AF48-B348-52FD7A76B064}.Debug|Any CPU.ActiveCfg = Debug|Any CPU
		{F41B355C-331A-AF48-B348-52FD7A76B064}.Debug|Any CPU.Build.0 = Debug|Any CPU
		{F41B355C-331A-AF48-B348-52FD7A76B064}.Debug|x64.ActiveCfg = Debug|Any CPU
		{F41B355C-331A-AF48-B348-52FD7A76B064}.Debug|x64.Build.0 = Debug|Any CPU
		{F41B355C-331A-AF48-B348-52FD7A76B064}.Debug|x86.ActiveCfg = Debug|Any CPU
		{F41B355C-331A-AF48-B348-52FD7A76B064}.Debug|x86.Build.0 = Debug|Any CPU
		{F41B355C-331A-AF48-B348-52FD7A76B064}.Release|Any CPU.ActiveCfg = Release|Any CPU
		{F41B355C-331A-AF48-B348-52FD7A76B064}.Release|Any CPU.Build.0 = Release|Any CPU
		{F41B355C-331A-AF48-B348-52FD7A76B064}.Release|x64.ActiveCfg = Release|Any CPU
		{F41B355C-331A-AF48-B348-52FD7A76B064}.Release|x64.Build.0 = Release|Any CPU
		{F41B355C-331A-AF48-B348-52FD7A76B064}.Release|x86.ActiveCfg = Release|Any CPU
		{F41B355C-331A-AF48-B348-52FD7A76B064}.Release|x86.Build.0 = Release|Any CPU
		{4584D3AE-D3D4-41F9-9481-DF565935154D}.Debug|Any CPU.ActiveCfg = Debug|Any CPU
		{4584D3AE-D3D4-41F9-9481-DF565935154D}.Debug|Any CPU.Build.0 = Debug|Any CPU
		{4584D3AE-D3D4-41F9-9481-DF565935154D}.Debug|x64.ActiveCfg = Debug|Any CPU
		{4584D3AE-D3D4-41F9-9481-DF565935154D}.Debug|x64.Build.0 = Debug|Any CPU
		{4584D3AE-D3D4-41F9-9481-DF565935154D}.Debug|x86.ActiveCfg = Debug|Any CPU
		{4584D3AE-D3D4-41F9-9481-DF565935154D}.Debug|x86.Build.0 = Debug|Any CPU
		{4584D3AE-D3D4-41F9-9481-DF565935154D}.Release|Any CPU.ActiveCfg = Release|Any CPU
		{4584D3AE-D3D4-41F9-9481-DF565935154D}.Release|Any CPU.Build.0 = Release|Any CPU
		{4584D3AE-D3D4-41F9-9481-DF565935154D}.Release|x64.ActiveCfg = Release|Any CPU
		{4584D3AE-D3D4-41F9-9481-DF565935154D}.Release|x64.Build.0 = Release|Any CPU
		{4584D3AE-D3D4-41F9-9481-DF565935154D}.Release|x86.ActiveCfg = Release|Any CPU
		{4584D3AE-D3D4-41F9-9481-DF565935154D}.Release|x86.Build.0 = Release|Any CPU
	EndGlobalSection
	GlobalSection(SolutionProperties) = preSolution
		HideSolutionNode = FALSE
	EndGlobalSection
	GlobalSection(NestedProjects) = preSolution
		{69F1AA11-D05A-4843-B0DD-56B5E2E212A8} = {46008B91-6EC0-448B-8D1A-D8C6D2EEBEF4}
		{EE38E3D2-3D2A-4061-BD50-AE8568126C7D} = {46008B91-6EC0-448B-8D1A-D8C6D2EEBEF4}
		{C305ED5B-8425-47A1-BEE1-85830CADC27A} = {46008B91-6EC0-448B-8D1A-D8C6D2EEBEF4}
		{6396AEEA-8EF9-9740-4CEF-891CC997106C} = {914C77C9-212A-4DD0-8D9A-074620E77FAA}
		{350246F3-F094-675F-855B-FB9B18C2B23E} = {914C77C9-212A-4DD0-8D9A-074620E77FAA}
		{C17F48D3-964E-E97C-3D2E-966F7A6C6D93} = {914C77C9-212A-4DD0-8D9A-074620E77FAA}
		{CFBC0A95-3456-3439-6B2E-60FDE0FE5EE1} = {914C77C9-212A-4DD0-8D9A-074620E77FAA}
		{D31345DE-9B88-525C-8E9C-744C99AE7509} = {914C77C9-212A-4DD0-8D9A-074620E77FAA}
		{2F8409C1-DA01-D464-DBF2-00C6449E459E} = {914C77C9-212A-4DD0-8D9A-074620E77FAA}
		{5CC830C4-3F2E-46AD-8160-3A0B032ACA5B} = {46008B91-6EC0-448B-8D1A-D8C6D2EEBEF4}
		{8CE3862F-0F7C-4759-A0E5-266AC3991E32} = {4BC66C3C-D55F-4FAA-A2F5-29E8EB1797AE}
		{E2F0B649-1A7B-4F01-A48B-A2825223C2B4} = {4BC66C3C-D55F-4FAA-A2F5-29E8EB1797AE}
		{62940CEC-F56B-72AB-5C04-DCEAB4B446F5} = {914C77C9-212A-4DD0-8D9A-074620E77FAA}
		{93340CAE-54E5-E19E-726B-E4DDDF416E69} = {F018E45F-F685-4E26-9734-710E6B11133A}
		{8F37CB30-8904-F03B-5818-07331EF61A5E} = {F018E45F-F685-4E26-9734-710E6B11133A}
		{55A0A1D9-AE78-B33D-E412-B818306D482E} = {F11F6CA4-CD8D-43D2-A084-7D6B8126363D}
		{0DA26A76-230B-53FD-37CC-18BFA41574E3} = {F11F6CA4-CD8D-43D2-A084-7D6B8126363D}
		{FA5BE71F-D656-496B-4DCC-375D8109000D} = {F11F6CA4-CD8D-43D2-A084-7D6B8126363D}
		{4EBDC6D9-B198-4028-CAD8-6AE288C4C16E} = {F11F6CA4-CD8D-43D2-A084-7D6B8126363D}
		{491AC21F-D830-BFD7-E626-15EABF2DF6A9} = {F11F6CA4-CD8D-43D2-A084-7D6B8126363D}
		{F018E45F-F685-4E26-9734-710E6B11133A} = {89A73628-FFB4-4421-9A8C-D7C329CD1FC5}
		{F11F6CA4-CD8D-43D2-A084-7D6B8126363D} = {89A73628-FFB4-4421-9A8C-D7C329CD1FC5}
		{4BC66C3C-D55F-4FAA-A2F5-29E8EB1797AE} = {89A73628-FFB4-4421-9A8C-D7C329CD1FC5}
		{BA16122E-6956-A5D0-5C28-84F9F9932D23} = {F018E45F-F685-4E26-9734-710E6B11133A}
		{435F4702-710D-6B8E-C7CF-1E8A98445EA5} = {F018E45F-F685-4E26-9734-710E6B11133A}
		{8F12843B-D2C9-87BC-0345-2C9DCC8AB066} = {F018E45F-F685-4E26-9734-710E6B11133A}
		{F41B355C-331A-AF48-B348-52FD7A76B064} = {F11F6CA4-CD8D-43D2-A084-7D6B8126363D}
		{4584D3AE-D3D4-41F9-9481-DF565935154D} = {89A73628-FFB4-4421-9A8C-D7C329CD1FC5}
	EndGlobalSection
	GlobalSection(ExtensibilityGlobals) = postSolution
		SolutionGuid = {EABC01E3-3EB5-47EF-B46E-AAD8BB3585F1}
	EndGlobalSection
EndGlobal
